github.com/anyascii/go v0.3.3 h1:A3BhW92hXPYPb8Y1+zLOip8xjSxNcdl1FaxzTmFxrhs=
github.com/anyascii/go v0.3.3/go.mod h1:HDvbMmSpqJyIe+xtSkHmAYTjc8PzvO3l1Jmgx/IFUPs=
github.com/spf13/pflag v1.0.10 h1:4EBh2KAYBwaONj6b2Ye1GiHfwjqyROoF4RwYO+vPwFk=
github.com/spf13/pflag v1.0.10/go.mod h1:McXfInJRrz4CZXVZOBLb0bTZqETkiAhM9Iw0y3An2Bg=
github.com/taylorskalyo/goreader v1.0.1 h1:eS9SYiHai2aAHhm+YMGRTqrvNt2aoRMTd7p6ftm0crY=
github.com/taylorskalyo/goreader v1.0.1/go.mod h1:JrUsWCgnk4C3P5Jsr7Pf2mFrMpsR0ls/0bjR5aorYTI=
